{
  "nodes": {
    "mseed2sac": {
      "flake": false,
      "locked": {
        "lastModified": 1573244272,
        "narHash": "sha256-an64n1/GmbvkJuxRWU9XLNuyig253IDCS7ITrWoZa/8=",
        "owner": "iris-edu",
        "repo": "mseed2sac",
        "rev": "356fe94244189a2bd45bcb32e6e8950debc9b82a",
        "type": "github"
      },
      "original": {
        "owner": "iris-edu",
        "ref": "v2.3",
        "repo": "mseed2sac",
        "type": "github"
      }
    },
    "nixpkgs": {
      "locked": {
        "lastModified": 1705316053,
        "narHash": "sha256-J2Ey5mPFT8gdfL2XC0JTZvKaBw/b2pnyudEXFvl+dQM=",
        "owner": "nixOS",
        "repo": "nixpkgs",
        "rev": "c3e128f3c0ecc1fb04aef9f72b3dcc2f6cecf370",
        "type": "github"
      },
      "original": {
        "owner": "nixOS",
        "ref": "nixos-unstable",
        "repo": "nixpkgs",
        "type": "github"
      }
    },
    "root": {
      "inputs": {
        "mseed2sac": "mseed2sac",
        "nixpkgs": "nixpkgs"
      }
    }
  },
  "root": "root",
  "version": 7
}
