{
  "nodes": {
    "mseed2sac": {
      "flake": false,
      "locked": {
        "lastModified": 1573244272,
        "narHash": "sha256-an64n1/GmbvkJuxRWU9XLNuyig253IDCS7ITrWoZa/8=",
        "owner": "iris-edu",
        "repo": "mseed2sac",
        "rev": "356fe94244189a2bd45bcb32e6e8950debc9b82a",
        "type": "github"
      },
      "original": {
        "owner": "iris-edu",
        "ref": "v2.3",
        "repo": "mseed2sac",
        "type": "github"
      }
    },
    "nixpkgs": {
      "locked": {
        "lastModified": 1693985761,
        "narHash": "sha256-K5b+7j7Tt3+AqbWkcw+wMeqOAWyCD1MH26FPZyWXpdo=",
        "owner": "nixOS",
        "repo": "nixpkgs",
        "rev": "0bffda19b8af722f8069d09d8b6a24594c80b352",
        "type": "github"
      },
      "original": {
        "owner": "nixOS",
        "ref": "nixos-unstable",
        "repo": "nixpkgs",
        "type": "github"
      }
    },
    "root": {
      "inputs": {
        "mseed2sac": "mseed2sac",
        "nixpkgs": "nixpkgs"
      }
    }
  },
  "root": "root",
  "version": 7
}
